// !$*UTF8*$!
{
	archiveVersion = 1;
	classes = {
	};
	objectVersion = 50;
	objects = {

/* Begin PBXBuildFile section */
		0279F9B93CF3401AC4F5FD88 /* Pods_appMedic.framework in Frameworks */ = {isa = PBXBuildFile; fileRef = E79CE27063A03C64DB30F038 /* Pods_appMedic.framework */; };
		CAE404B922877C3600E9ACB4 /* VCAppointments.swift in Sources */ = {isa = PBXBuildFile; fileRef = CAE404B822877C3600E9ACB4 /* VCAppointments.swift */; };
		CAE404BB22877EED00E9ACB4 /* VCConsulting.swift in Sources */ = {isa = PBXBuildFile; fileRef = CAE404BA22877EED00E9ACB4 /* VCConsulting.swift */; };
		CAE404C12287807500E9ACB4 /* TVCAppointments.swift in Sources */ = {isa = PBXBuildFile; fileRef = CAE404C02287807500E9ACB4 /* TVCAppointments.swift */; };
		CAE404C3228780A600E9ACB4 /* TVCConsulting.swift in Sources */ = {isa = PBXBuildFile; fileRef = CAE404C2228780A600E9ACB4 /* TVCConsulting.swift */; };
		CAE404C52287831600E9ACB4 /* ConsultingModel.swift in Sources */ = {isa = PBXBuildFile; fileRef = CAE404C42287831600E9ACB4 /* ConsultingModel.swift */; };
		CAE404C72287833300E9ACB4 /* AppointmentsModel.swift in Sources */ = {isa = PBXBuildFile; fileRef = CAE404C62287833300E9ACB4 /* AppointmentsModel.swift */; };
		CAE585BB22864F4000254FFF /* AppDelegate.swift in Sources */ = {isa = PBXBuildFile; fileRef = CAE585BA22864F4000254FFF /* AppDelegate.swift */; };
		CAE585BD22864F4000254FFF /* ViewController.swift in Sources */ = {isa = PBXBuildFile; fileRef = CAE585BC22864F4000254FFF /* ViewController.swift */; };
		CAE585C022864F4000254FFF /* Main.storyboard in Resources */ = {isa = PBXBuildFile; fileRef = CAE585BE22864F4000254FFF /* Main.storyboard */; };
		CAE585C222864F4100254FFF /* Assets.xcassets in Resources */ = {isa = PBXBuildFile; fileRef = CAE585C122864F4100254FFF /* Assets.xcassets */; };
		CAE585C522864F4100254FFF /* LaunchScreen.storyboard in Resources */ = {isa = PBXBuildFile; fileRef = CAE585C322864F4100254FFF /* LaunchScreen.storyboard */; };
		CAE585D022864F4100254FFF /* appMedicTests.swift in Sources */ = {isa = PBXBuildFile; fileRef = CAE585CF22864F4100254FFF /* appMedicTests.swift */; };
		CAE585DB22864F4100254FFF /* appMedicUITests.swift in Sources */ = {isa = PBXBuildFile; fileRef = CAE585DA22864F4100254FFF /* appMedicUITests.swift */; };
		CAE585EB2286518400254FFF /* GoogleService-Info.plist in Resources */ = {isa = PBXBuildFile; fileRef = CAE585EA2286518400254FFF /* GoogleService-Info.plist */; };
		CAE6C9AE2286646E0017633A /* ViewControllerTableViewCell.swift in Sources */ = {isa = PBXBuildFile; fileRef = CAE6C9AD2286646E0017633A /* ViewControllerTableViewCell.swift */; };
		CAE6C9B02286672F0017633A /* BeneficiaryModel.swift in Sources */ = {isa = PBXBuildFile; fileRef = CAE6C9AF2286672F0017633A /* BeneficiaryModel.swift */; };
		D0C09A4353159E076FFA6DBB /* Pods_appMedicTests.framework in Frameworks */ = {isa = PBXBuildFile; fileRef = D556C0588C668353CA675250 /* Pods_appMedicTests.framework */; };
		DB010D3E85F87BBEEF36DF2A /* Pods_appMedicUITests.framework in Frameworks */ = {isa = PBXBuildFile; fileRef = 1648E669F6D606DDB0ABA024 /* Pods_appMedicUITests.framework */; };
/* End PBXBuildFile section */

/* Begin PBXContainerItemProxy section */
		CAE585CC22864F4100254FFF /* PBXContainerItemProxy */ = {
			isa = PBXContainerItemProxy;
			containerPortal = CAE585AF22864F4000254FFF /* Project object */;
			proxyType = 1;
			remoteGlobalIDString = CAE585B622864F4000254FFF;
			remoteInfo = appMedic;
		};
		CAE585D722864F4100254FFF /* PBXContainerItemProxy */ = {
			isa = PBXContainerItemProxy;
			containerPortal = CAE585AF22864F4000254FFF /* Project object */;
			proxyType = 1;
			remoteGlobalIDString = CAE585B622864F4000254FFF;
			remoteInfo = appMedic;
		};
/* End PBXContainerItemProxy section */

/* Begin PBXFileReference section */
		1648E669F6D606DDB0ABA024 /* Pods_appMedicUITests.framework */ = {isa = PBXFileReference; explicitFileType = wrapper.framework; includeInIndex = 0; path = Pods_appMedicUITests.framework; sourceTree = BUILT_PRODUCTS_DIR; };
		3CCE223FAD5BA4E3A8B657B5 /* Pods-appMedic.release.xcconfig */ = {isa = PBXFileReference; includeInIndex = 1; lastKnownFileType = text.xcconfig; name = "Pods-appMedic.release.xcconfig"; path = "Target Support Files/Pods-appMedic/Pods-appMedic.release.xcconfig"; sourceTree = "<group>"; };
		6F92DB7C3B802E86A1D3DAD5 /* Pods-appMedicTests.release.xcconfig */ = {isa = PBXFileReference; includeInIndex = 1; lastKnownFileType = text.xcconfig; name = "Pods-appMedicTests.release.xcconfig"; path = "Target Support Files/Pods-appMedicTests/Pods-appMedicTests.release.xcconfig"; sourceTree = "<group>"; };
		73A5A4892BD33BBFB8CFD870 /* Pods-appMedicUITests.release.xcconfig */ = {isa = PBXFileReference; includeInIndex = 1; lastKnownFileType = text.xcconfig; name = "Pods-appMedicUITests.release.xcconfig"; path = "Target Support Files/Pods-appMedicUITests/Pods-appMedicUITests.release.xcconfig"; sourceTree = "<group>"; };
		BFB2EF9F0E1E329F5A773267 /* Pods-appMedicUITests.debug.xcconfig */ = {isa = PBXFileReference; includeInIndex = 1; lastKnownFileType = text.xcconfig; name = "Pods-appMedicUITests.debug.xcconfig"; path = "Target Support Files/Pods-appMedicUITests/Pods-appMedicUITests.debug.xcconfig"; sourceTree = "<group>"; };
		CAE404B822877C3600E9ACB4 /* VCAppointments.swift */ = {isa = PBXFileReference; lastKnownFileType = sourcecode.swift; path = VCAppointments.swift; sourceTree = "<group>"; };
		CAE404BA22877EED00E9ACB4 /* VCConsulting.swift */ = {isa = PBXFileReference; lastKnownFileType = sourcecode.swift; path = VCConsulting.swift; sourceTree = "<group>"; };
		CAE404C02287807500E9ACB4 /* TVCAppointments.swift */ = {isa = PBXFileReference; lastKnownFileType = sourcecode.swift; path = TVCAppointments.swift; sourceTree = "<group>"; };
		CAE404C2228780A600E9ACB4 /* TVCConsulting.swift */ = {isa = PBXFileReference; lastKnownFileType = sourcecode.swift; path = TVCConsulting.swift; sourceTree = "<group>"; };
		CAE404C42287831600E9ACB4 /* ConsultingModel.swift */ = {isa = PBXFileReference; lastKnownFileType = sourcecode.swift; path = ConsultingModel.swift; sourceTree = "<group>"; };
		CAE404C62287833300E9ACB4 /* AppointmentsModel.swift */ = {isa = PBXFileReference; lastKnownFileType = sourcecode.swift; path = AppointmentsModel.swift; sourceTree = "<group>"; };
		CAE585B722864F4000254FFF /* appMedic.app */ = {isa = PBXFileReference; explicitFileType = wrapper.application; includeInIndex = 0; path = appMedic.app; sourceTree = BUILT_PRODUCTS_DIR; };
		CAE585BA22864F4000254FFF /* AppDelegate.swift */ = {isa = PBXFileReference; lastKnownFileType = sourcecode.swift; path = AppDelegate.swift; sourceTree = "<group>"; };
		CAE585BC22864F4000254FFF /* ViewController.swift */ = {isa = PBXFileReference; lastKnownFileType = sourcecode.swift; path = ViewController.swift; sourceTree = "<group>"; };
		CAE585BF22864F4000254FFF /* Base */ = {isa = PBXFileReference; lastKnownFileType = file.storyboard; name = Base; path = Base.lproj/Main.storyboard; sourceTree = "<group>"; };
		CAE585C122864F4100254FFF /* Assets.xcassets */ = {isa = PBXFileReference; lastKnownFileType = folder.assetcatalog; path = Assets.xcassets; sourceTree = "<group>"; };
		CAE585C422864F4100254FFF /* Base */ = {isa = PBXFileReference; lastKnownFileType = file.storyboard; name = Base; path = Base.lproj/LaunchScreen.storyboard; sourceTree = "<group>"; };
		CAE585C622864F4100254FFF /* Info.plist */ = {isa = PBXFileReference; lastKnownFileType = text.plist.xml; path = Info.plist; sourceTree = "<group>"; };
		CAE585CB22864F4100254FFF /* appMedicTests.xctest */ = {isa = PBXFileReference; explicitFileType = wrapper.cfbundle; includeInIndex = 0; path = appMedicTests.xctest; sourceTree = BUILT_PRODUCTS_DIR; };
		CAE585CF22864F4100254FFF /* appMedicTests.swift */ = {isa = PBXFileReference; lastKnownFileType = sourcecode.swift; path = appMedicTests.swift; sourceTree = "<group>"; };
		CAE585D122864F4100254FFF /* Info.plist */ = {isa = PBXFileReference; lastKnownFileType = text.plist.xml; path = Info.plist; sourceTree = "<group>"; };
		CAE585D622864F4100254FFF /* appMedicUITests.xctest */ = {isa = PBXFileReference; explicitFileType = wrapper.cfbundle; includeInIndex = 0; path = appMedicUITests.xctest; sourceTree = BUILT_PRODUCTS_DIR; };
		CAE585DA22864F4100254FFF /* appMedicUITests.swift */ = {isa = PBXFileReference; lastKnownFileType = sourcecode.swift; path = appMedicUITests.swift; sourceTree = "<group>"; };
		CAE585DC22864F4100254FFF /* Info.plist */ = {isa = PBXFileReference; lastKnownFileType = text.plist.xml; path = Info.plist; sourceTree = "<group>"; };
		CAE585EA2286518400254FFF /* GoogleService-Info.plist */ = {isa = PBXFileReference; fileEncoding = 4; lastKnownFileType = text.plist.xml; name = "GoogleService-Info.plist"; path = "../../GoogleService-Info.plist"; sourceTree = "<group>"; };
		CAE6C9AD2286646E0017633A /* ViewControllerTableViewCell.swift */ = {isa = PBXFileReference; lastKnownFileType = sourcecode.swift; path = ViewControllerTableViewCell.swift; sourceTree = "<group>"; };
		CAE6C9AF2286672F0017633A /* BeneficiaryModel.swift */ = {isa = PBXFileReference; lastKnownFileType = sourcecode.swift; path = BeneficiaryModel.swift; sourceTree = "<group>"; };
		D556C0588C668353CA675250 /* Pods_appMedicTests.framework */ = {isa = PBXFileReference; explicitFileType = wrapper.framework; includeInIndex = 0; path = Pods_appMedicTests.framework; sourceTree = BUILT_PRODUCTS_DIR; };
		DAE2B5AD6D470F0C7FF45D64 /* Pods-appMedicTests.debug.xcconfig */ = {isa = PBXFileReference; includeInIndex = 1; lastKnownFileType = text.xcconfig; name = "Pods-appMedicTests.debug.xcconfig"; path = "Target Support Files/Pods-appMedicTests/Pods-appMedicTests.debug.xcconfig"; sourceTree = "<group>"; };
		E79CE27063A03C64DB30F038 /* Pods_appMedic.framework */ = {isa = PBXFileReference; explicitFileType = wrapper.framework; includeInIndex = 0; path = Pods_appMedic.framework; sourceTree = BUILT_PRODUCTS_DIR; };
		F8572B57FE9A5F50905ED87E /* Pods-appMedic.debug.xcconfig */ = {isa = PBXFileReference; includeInIndex = 1; lastKnownFileType = text.xcconfig; name = "Pods-appMedic.debug.xcconfig"; path = "Target Support Files/Pods-appMedic/Pods-appMedic.debug.xcconfig"; sourceTree = "<group>"; };
/* End PBXFileReference section */

/* Begin PBXFrameworksBuildPhase section */
		CAE585B422864F4000254FFF /* Frameworks */ = {
			isa = PBXFrameworksBuildPhase;
			buildActionMask = 2147483647;
			files = (
				0279F9B93CF3401AC4F5FD88 /* Pods_appMedic.framework in Frameworks */,
			);
			runOnlyForDeploymentPostprocessing = 0;
		};
		CAE585C822864F4100254FFF /* Frameworks */ = {
			isa = PBXFrameworksBuildPhase;
			buildActionMask = 2147483647;
			files = (
				D0C09A4353159E076FFA6DBB /* Pods_appMedicTests.framework in Frameworks */,
			);
			runOnlyForDeploymentPostprocessing = 0;
		};
		CAE585D322864F4100254FFF /* Frameworks */ = {
			isa = PBXFrameworksBuildPhase;
			buildActionMask = 2147483647;
			files = (
				DB010D3E85F87BBEEF36DF2A /* Pods_appMedicUITests.framework in Frameworks */,
			);
			runOnlyForDeploymentPostprocessing = 0;
		};
/* End PBXFrameworksBuildPhase section */

/* Begin PBXGroup section */
		99F134C0AD701D3A8EF617CF /* Pods */ = {
			isa = PBXGroup;
			children = (
				F8572B57FE9A5F50905ED87E /* Pods-appMedic.debug.xcconfig */,
				3CCE223FAD5BA4E3A8B657B5 /* Pods-appMedic.release.xcconfig */,
				DAE2B5AD6D470F0C7FF45D64 /* Pods-appMedicTests.debug.xcconfig */,
				6F92DB7C3B802E86A1D3DAD5 /* Pods-appMedicTests.release.xcconfig */,
				BFB2EF9F0E1E329F5A773267 /* Pods-appMedicUITests.debug.xcconfig */,
				73A5A4892BD33BBFB8CFD870 /* Pods-appMedicUITests.release.xcconfig */,
			);
			path = Pods;
			sourceTree = "<group>";
		};
		AD42800DDA0D3FAFFDA8036D /* Frameworks */ = {
			isa = PBXGroup;
			children = (
				E79CE27063A03C64DB30F038 /* Pods_appMedic.framework */,
				D556C0588C668353CA675250 /* Pods_appMedicTests.framework */,
				1648E669F6D606DDB0ABA024 /* Pods_appMedicUITests.framework */,
			);
			name = Frameworks;
			sourceTree = "<group>";
		};
		CAE585AE22864F4000254FFF = {
			isa = PBXGroup;
			children = (
				CAE585B922864F4000254FFF /* appMedic */,
				CAE585CE22864F4100254FFF /* appMedicTests */,
				CAE585D922864F4100254FFF /* appMedicUITests */,
				CAE585B822864F4000254FFF /* Products */,
				99F134C0AD701D3A8EF617CF /* Pods */,
				AD42800DDA0D3FAFFDA8036D /* Frameworks */,
			);
			sourceTree = "<group>";
		};
		CAE585B822864F4000254FFF /* Products */ = {
			isa = PBXGroup;
			children = (
				CAE585B722864F4000254FFF /* appMedic.app */,
				CAE585CB22864F4100254FFF /* appMedicTests.xctest */,
				CAE585D622864F4100254FFF /* appMedicUITests.xctest */,
			);
			name = Products;
			sourceTree = "<group>";
		};
		CAE585B922864F4000254FFF /* appMedic */ = {
			isa = PBXGroup;
			children = (
				CAE585EA2286518400254FFF /* GoogleService-Info.plist */,
				CAE585BA22864F4000254FFF /* AppDelegate.swift */,
				CAE585BC22864F4000254FFF /* ViewController.swift */,
				CAE585BE22864F4000254FFF /* Main.storyboard */,
				CAE404C2228780A600E9ACB4 /* TVCConsulting.swift */,
				CAE6C9AF2286672F0017633A /* BeneficiaryModel.swift */,
				CAE404C42287831600E9ACB4 /* ConsultingModel.swift */,
				CAE404C62287833300E9ACB4 /* AppointmentsModel.swift */,
				CAE6C9AD2286646E0017633A /* ViewControllerTableViewCell.swift */,
				CAE404C02287807500E9ACB4 /* TVCAppointments.swift */,
				CAE585C122864F4100254FFF /* Assets.xcassets */,
				CAE585C322864F4100254FFF /* LaunchScreen.storyboard */,
				CAE585C622864F4100254FFF /* Info.plist */,
				CAE404B822877C3600E9ACB4 /* VCAppointments.swift */,
				CAE404BA22877EED00E9ACB4 /* VCConsulting.swift */,
			);
			path = appMedic;
			sourceTree = "<group>";
		};
		CAE585CE22864F4100254FFF /* appMedicTests */ = {
			isa = PBXGroup;
			children = (
				CAE585CF22864F4100254FFF /* appMedicTests.swift */,
				CAE585D122864F4100254FFF /* Info.plist */,
			);
			path = appMedicTests;
			sourceTree = "<group>";
		};
		CAE585D922864F4100254FFF /* appMedicUITests */ = {
			isa = PBXGroup;
			children = (
				CAE585DA22864F4100254FFF /* appMedicUITests.swift */,
				CAE585DC22864F4100254FFF /* Info.plist */,
			);
			path = appMedicUITests;
			sourceTree = "<group>";
		};
/* End PBXGroup section */

/* Begin PBXNativeTarget section */
		CAE585B622864F4000254FFF /* appMedic */ = {
			isa = PBXNativeTarget;
			buildConfigurationList = CAE585DF22864F4100254FFF /* Build configuration list for PBXNativeTarget "appMedic" */;
			buildPhases = (
				F2B1900DDE7868692FE4E1D5 /* [CP] Check Pods Manifest.lock */,
				CAE585B322864F4000254FFF /* Sources */,
				CAE585B422864F4000254FFF /* Frameworks */,
				CAE585B522864F4000254FFF /* Resources */,
				FBA138D73A48F265B3BEB59D /* [CP] Embed Pods Frameworks */,
			);
			buildRules = (
			);
			dependencies = (
			);
			name = appMedic;
			productName = appMedic;
			productReference = CAE585B722864F4000254FFF /* appMedic.app */;
			productType = "com.apple.product-type.application";
		};
		CAE585CA22864F4100254FFF /* appMedicTests */ = {
			isa = PBXNativeTarget;
			buildConfigurationList = CAE585E222864F4100254FFF /* Build configuration list for PBXNativeTarget "appMedicTests" */;
			buildPhases = (
				513517702F04307FF2FEE19F /* [CP] Check Pods Manifest.lock */,
				CAE585C722864F4100254FFF /* Sources */,
				CAE585C822864F4100254FFF /* Frameworks */,
				CAE585C922864F4100254FFF /* Resources */,
			);
			buildRules = (
			);
			dependencies = (
				CAE585CD22864F4100254FFF /* PBXTargetDependency */,
			);
			name = appMedicTests;
			productName = appMedicTests;
			productReference = CAE585CB22864F4100254FFF /* appMedicTests.xctest */;
			productType = "com.apple.product-type.bundle.unit-test";
		};
		CAE585D522864F4100254FFF /* appMedicUITests */ = {
			isa = PBXNativeTarget;
			buildConfigurationList = CAE585E522864F4100254FFF /* Build configuration list for PBXNativeTarget "appMedicUITests" */;
			buildPhases = (
				514F1B15FF1AC303926058A2 /* [CP] Check Pods Manifest.lock */,
				CAE585D222864F4100254FFF /* Sources */,
				CAE585D322864F4100254FFF /* Frameworks */,
				CAE585D422864F4100254FFF /* Resources */,
			);
			buildRules = (
			);
			dependencies = (
				CAE585D822864F4100254FFF /* PBXTargetDependency */,
			);
			name = appMedicUITests;
			productName = appMedicUITests;
			productReference = CAE585D622864F4100254FFF /* appMedicUITests.xctest */;
			productType = "com.apple.product-type.bundle.ui-testing";
		};
/* End PBXNativeTarget section */

/* Begin PBXProject section */
		CAE585AF22864F4000254FFF /* Project object */ = {
			isa = PBXProject;
			attributes = {
				LastSwiftUpdateCheck = 1020;
				LastUpgradeCheck = 1020;
				ORGANIZATIONNAME = Jeanette;
				TargetAttributes = {
					CAE585B622864F4000254FFF = {
						CreatedOnToolsVersion = 10.2.1;
					};
					CAE585CA22864F4100254FFF = {
						CreatedOnToolsVersion = 10.2.1;
						TestTargetID = CAE585B622864F4000254FFF;
					};
					CAE585D522864F4100254FFF = {
						CreatedOnToolsVersion = 10.2.1;
						TestTargetID = CAE585B622864F4000254FFF;
					};
				};
			};
			buildConfigurationList = CAE585B222864F4000254FFF /* Build configuration list for PBXProject "appMedic" */;
			compatibilityVersion = "Xcode 9.3";
			developmentRegion = en;
			hasScannedForEncodings = 0;
			knownRegions = (
				en,
				Base,
			);
			mainGroup = CAE585AE22864F4000254FFF;
			productRefGroup = CAE585B822864F4000254FFF /* Products */;
			projectDirPath = "";
			projectRoot = "";
			targets = (
				CAE585B622864F4000254FFF /* appMedic */,
				CAE585CA22864F4100254FFF /* appMedicTests */,
				CAE585D522864F4100254FFF /* appMedicUITests */,
			);
		};
/* End PBXProject section */

/* Begin PBXResourcesBuildPhase section */
		CAE585B522864F4000254FFF /* Resources */ = {
			isa = PBXResourcesBuildPhase;
			buildActionMask = 2147483647;
			files = (
				CAE585C522864F4100254FFF /* LaunchScreen.storyboard in Resources */,
				CAE585EB2286518400254FFF /* GoogleService-Info.plist in Resources */,
				CAE585C222864F4100254FFF /* Assets.xcassets in Resources */,
				CAE585C022864F4000254FFF /* Main.storyboard in Resources */,
			);
			runOnlyForDeploymentPostprocessing = 0;
		};
		CAE585C922864F4100254FFF /* Resources */ = {
			isa = PBXResourcesBuildPhase;
			buildActionMask = 2147483647;
			files = (
			);
			runOnlyForDeploymentPostprocessing = 0;
		};
		CAE585D422864F4100254FFF /* Resources */ = {
			isa = PBXResourcesBuildPhase;
			buildActionMask = 2147483647;
			files = (
			);
			runOnlyForDeploymentPostprocessing = 0;
		};
/* End PBXResourcesBuildPhase section */

/* Begin PBXShellScriptBuildPhase section */
		513517702F04307FF2FEE19F /* [CP] Check Pods Manifest.lock */ = {
			isa = PBXShellScriptBuildPhase;
			buildActionMask = 2147483647;
			files = (
			);
			inputFileListPaths = (
			);
			inputPaths = (
				"${PODS_PODFILE_DIR_PATH}/Podfile.lock",
				"${PODS_ROOT}/Manifest.lock",
			);
			name = "[CP] Check Pods Manifest.lock";
			outputFileListPaths = (
			);
			outputPaths = (
				"$(DERIVED_FILE_DIR)/Pods-appMedicTests-checkManifestLockResult.txt",
			);
			runOnlyForDeploymentPostprocessing = 0;
			shellPath = /bin/sh;
			shellScript = "diff \"${PODS_PODFILE_DIR_PATH}/Podfile.lock\" \"${PODS_ROOT}/Manifest.lock\" > /dev/null\nif [ $? != 0 ] ; then\n    # print error to STDERR\n    echo \"error: The sandbox is not in sync with the Podfile.lock. Run 'pod install' or update your CocoaPods installation.\" >&2\n    exit 1\nfi\n# This output is used by Xcode 'outputs' to avoid re-running this script phase.\necho \"SUCCESS\" > \"${SCRIPT_OUTPUT_FILE_0}\"\n";
			showEnvVarsInLog = 0;
		};
		514F1B15FF1AC303926058A2 /* [CP] Check Pods Manifest.lock */ = {
			isa = PBXShellScriptBuildPhase;
			buildActionMask = 2147483647;
			files = (
			);
			inputFileListPaths = (
			);
			inputPaths = (
				"${PODS_PODFILE_DIR_PATH}/Podfile.lock",
				"${PODS_ROOT}/Manifest.lock",
			);
			name = "[CP] Check Pods Manifest.lock";
			outputFileListPaths = (
			);
			outputPaths = (
				"$(DERIVED_FILE_DIR)/Pods-appMedicUITests-checkManifestLockResult.txt",
			);
			runOnlyForDeploymentPostprocessing = 0;
			shellPath = /bin/sh;
			shellScript = "diff \"${PODS_PODFILE_DIR_PATH}/Podfile.lock\" \"${PODS_ROOT}/Manifest.lock\" > /dev/null\nif [ $? != 0 ] ; then\n    # print error to STDERR\n    echo \"error: The sandbox is not in sync with the Podfile.lock. Run 'pod install' or update your CocoaPods installation.\" >&2\n    exit 1\nfi\n# This output is used by Xcode 'outputs' to avoid re-running this script phase.\necho \"SUCCESS\" > \"${SCRIPT_OUTPUT_FILE_0}\"\n";
			showEnvVarsInLog = 0;
		};
		F2B1900DDE7868692FE4E1D5 /* [CP] Check Pods Manifest.lock */ = {
			isa = PBXShellScriptBuildPhase;
			buildActionMask = 2147483647;
			files = (
			);
			inputFileListPaths = (
			);
			inputPaths = (
				"${PODS_PODFILE_DIR_PATH}/Podfile.lock",
				"${PODS_ROOT}/Manifest.lock",
			);
			name = "[CP] Check Pods Manifest.lock";
			outputFileListPaths = (
			);
			outputPaths = (
				"$(DERIVED_FILE_DIR)/Pods-appMedic-checkManifestLockResult.txt",
			);
			runOnlyForDeploymentPostprocessing = 0;
			shellPath = /bin/sh;
			shellScript = "diff \"${PODS_PODFILE_DIR_PATH}/Podfile.lock\" \"${PODS_ROOT}/Manifest.lock\" > /dev/null\nif [ $? != 0 ] ; then\n    # print error to STDERR\n    echo \"error: The sandbox is not in sync with the Podfile.lock. Run 'pod install' or update your CocoaPods installation.\" >&2\n    exit 1\nfi\n# This output is used by Xcode 'outputs' to avoid re-running this script phase.\necho \"SUCCESS\" > \"${SCRIPT_OUTPUT_FILE_0}\"\n";
			showEnvVarsInLog = 0;
		};
		FBA138D73A48F265B3BEB59D /* [CP] Embed Pods Frameworks */ = {
			isa = PBXShellScriptBuildPhase;
			buildActionMask = 2147483647;
			files = (
			);
			inputFileListPaths = (
			);
			inputPaths = (
				"${PODS_ROOT}/Target Support Files/Pods-appMedic/Pods-appMedic-frameworks.sh",
				"${BUILT_PRODUCTS_DIR}/GoogleUtilities/GoogleUtilities.framework",
				"${BUILT_PRODUCTS_DIR}/leveldb-library/leveldb.framework",
				"${BUILT_PRODUCTS_DIR}/nanopb/nanopb.framework",
			);
			name = "[CP] Embed Pods Frameworks";
			outputFileListPaths = (
			);
			outputPaths = (
				"${TARGET_BUILD_DIR}/${FRAMEWORKS_FOLDER_PATH}/GoogleUtilities.framework",
				"${TARGET_BUILD_DIR}/${FRAMEWORKS_FOLDER_PATH}/leveldb.framework",
				"${TARGET_BUILD_DIR}/${FRAMEWORKS_FOLDER_PATH}/nanopb.framework",
			);
			runOnlyForDeploymentPostprocessing = 0;
			shellPath = /bin/sh;
			shellScript = "\"${PODS_ROOT}/Target Support Files/Pods-appMedic/Pods-appMedic-frameworks.sh\"\n";
			showEnvVarsInLog = 0;
		};
/* End PBXShellScriptBuildPhase section */

/* Begin PBXSourcesBuildPhase section */
		CAE585B322864F4000254FFF /* Sources */ = {
			isa = PBXSourcesBuildPhase;
			buildActionMask = 2147483647;
			files = (
				CAE404BB22877EED00E9ACB4 /* VCConsulting.swift in Sources */,
				CAE404C3228780A600E9ACB4 /* TVCConsulting.swift in Sources */,
				CAE585BD22864F4000254FFF /* ViewController.swift in Sources */,
				CAE404C72287833300E9ACB4 /* AppointmentsModel.swift in Sources */,
				CAE404C52287831600E9ACB4 /* ConsultingModel.swift in Sources */,
				CAE404C12287807500E9ACB4 /* TVCAppointments.swift in Sources */,
				CAE585BB22864F4000254FFF /* AppDelegate.swift in Sources */,
				CAE404B922877C3600E9ACB4 /* VCAppointments.swift in Sources */,
				CAE6C9AE2286646E0017633A /* ViewControllerTableViewCell.swift in Sources */,
				CAE6C9B02286672F0017633A /* BeneficiaryModel.swift in Sources */,
			);
			runOnlyForDeploymentPostprocessing = 0;
		};
		CAE585C722864F4100254FFF /* Sources */ = {
			isa = PBXSourcesBuildPhase;
			buildActionMask = 2147483647;
			files = (
				CAE585D022864F4100254FFF /* appMedicTests.swift in Sources */,
			);
			runOnlyForDeploymentPostprocessing = 0;
		};
		CAE585D222864F4100254FFF /* Sources */ = {
			isa = PBXSourcesBuildPhase;
			buildActionMask = 2147483647;
			files = (
				CAE585DB22864F4100254FFF /* appMedicUITests.swift in Sources */,
			);
			runOnlyForDeploymentPostprocessing = 0;
		};
/* End PBXSourcesBuildPhase section */

/* Begin PBXTargetDependency section */
		CAE585CD22864F4100254FFF /* PBXTargetDependency */ = {
			isa = PBXTargetDependency;
			target = CAE585B622864F4000254FFF /* appMedic */;
			targetProxy = CAE585CC22864F4100254FFF /* PBXContainerItemProxy */;
		};
		CAE585D822864F4100254FFF /* PBXTargetDependency */ = {
			isa = PBXTargetDependency;
			target = CAE585B622864F4000254FFF /* appMedic */;
			targetProxy = CAE585D722864F4100254FFF /* PBXContainerItemProxy */;
		};
/* End PBXTargetDependency section */

/* Begin PBXVariantGroup section */
		CAE585BE22864F4000254FFF /* Main.storyboard */ = {
			isa = PBXVariantGroup;
			children = (
				CAE585BF22864F4000254FFF /* Base */,
			);
			name = Main.storyboard;
			sourceTree = "<group>";
		};
		CAE585C322864F4100254FFF /* LaunchScreen.storyboard */ = {
			isa = PBXVariantGroup;
			children = (
				CAE585C422864F4100254FFF /* Base */,
			);
			name = LaunchScreen.storyboard;
			sourceTree = "<group>";
		};
/* End PBXVariantGroup section */

/* Begin XCBuildConfiguration section */
		CAE585DD22864F4100254FFF /* Debug */ = {
			isa = XCBuildConfiguration;
			buildSettings = {
				ALWAYS_SEARCH_USER_PATHS = NO;
				CLANG_ANALYZER_NONNULL = YES;
				CLANG_ANALYZER_NUMBER_OBJECT_CONVERSION = YES_AGGRESSIVE;
				CLANG_CXX_LANGUAGE_STANDARD = "gnu++14";
				CLANG_CXX_LIBRARY = "libc++";
				CLANG_ENABLE_MODULES = YES;
				CLANG_ENABLE_OBJC_ARC = YES;
				CLANG_ENABLE_OBJC_WEAK = YES;
				CLANG_WARN_BLOCK_CAPTURE_AUTORELEASING = YES;
				CLANG_WARN_BOOL_CONVERSION = YES;
				CLANG_WARN_COMMA = YES;
				CLANG_WARN_CONSTANT_CONVERSION = YES;
				CLANG_WARN_DEPRECATED_OBJC_IMPLEMENTATIONS = YES;
				CLANG_WARN_DIRECT_OBJC_ISA_USAGE = YES_ERROR;
				CLANG_WARN_DOCUMENTATION_COMMENTS = YES;
				CLANG_WARN_EMPTY_BODY = YES;
				CLANG_WARN_ENUM_CONVERSION = YES;
				CLANG_WARN_INFINITE_RECURSION = YES;
				CLANG_WARN_INT_CONVERSION = YES;
				CLANG_WARN_NON_LITERAL_NULL_CONVERSION = YES;
				CLANG_WARN_OBJC_IMPLICIT_RETAIN_SELF = YES;
				CLANG_WARN_OBJC_LITERAL_CONVERSION = YES;
				CLANG_WARN_OBJC_ROOT_CLASS = YES_ERROR;
				CLANG_WARN_RANGE_LOOP_ANALYSIS = YES;
				CLANG_WARN_STRICT_PROTOTYPES = YES;
				CLANG_WARN_SUSPICIOUS_MOVE = YES;
				CLANG_WARN_UNGUARDED_AVAILABILITY = YES_AGGRESSIVE;
				CLANG_WARN_UNREACHABLE_CODE = YES;
				CLANG_WARN__DUPLICATE_METHOD_MATCH = YES;
				CODE_SIGN_IDENTITY = "iPhone Developer";
				COPY_PHASE_STRIP = NO;
				DEBUG_INFORMATION_FORMAT = dwarf;
				ENABLE_STRICT_OBJC_MSGSEND = YES;
				ENABLE_TESTABILITY = YES;
				GCC_C_LANGUAGE_STANDARD = gnu11;
				GCC_DYNAMIC_NO_PIC = NO;
				GCC_NO_COMMON_BLOCKS = YES;
				GCC_OPTIMIZATION_LEVEL = 0;
				GCC_PREPROCESSOR_DEFINITIONS = (
					"DEBUG=1",
					"$(inherited)",
				);
				GCC_WARN_64_TO_32_BIT_CONVERSION = YES;
				GCC_WARN_ABOUT_RETURN_TYPE = YES_ERROR;
				GCC_WARN_UNDECLARED_SELECTOR = YES;
				GCC_WARN_UNINITIALIZED_AUTOS = YES_AGGRESSIVE;
				GCC_WARN_UNUSED_FUNCTION = YES;
				GCC_WARN_UNUSED_VARIABLE = YES;
				IPHONEOS_DEPLOYMENT_TARGET = 12.2;
				MTL_ENABLE_DEBUG_INFO = INCLUDE_SOURCE;
				MTL_FAST_MATH = YES;
				ONLY_ACTIVE_ARCH = YES;
				SDKROOT = iphoneos;
				SWIFT_ACTIVE_COMPILATION_CONDITIONS = DEBUG;
				SWIFT_OPTIMIZATION_LEVEL = "-Onone";
			};
			name = Debug;
		};
		CAE585DE22864F4100254FFF /* Release */ = {
			isa = XCBuildConfiguration;
			buildSettings = {
				ALWAYS_SEARCH_USER_PATHS = NO;
				CLANG_ANALYZER_NONNULL = YES;
				CLANG_ANALYZER_NUMBER_OBJECT_CONVERSION = YES_AGGRESSIVE;
				CLANG_CXX_LANGUAGE_STANDARD = "gnu++14";
				CLANG_CXX_LIBRARY = "libc++";
				CLANG_ENABLE_MODULES = YES;
				CLANG_ENABLE_OBJC_ARC = YES;
				CLANG_ENABLE_OBJC_WEAK = YES;
				CLANG_WARN_BLOCK_CAPTURE_AUTORELEASING = YES;
				CLANG_WARN_BOOL_CONVERSION = YES;
				CLANG_WARN_COMMA = YES;
				CLANG_WARN_CONSTANT_CONVERSION = YES;
				CLANG_WARN_DEPRECATED_OBJC_IMPLEMENTATIONS = YES;
				CLANG_WARN_DIRECT_OBJC_ISA_USAGE = YES_ERROR;
				CLANG_WARN_DOCUMENTATION_COMMENTS = YES;
				CLANG_WARN_EMPTY_BODY = YES;
				CLANG_WARN_ENUM_CONVERSION = YES;
				CLANG_WARN_INFINITE_RECURSION = YES;
				CLANG_WARN_INT_CONVERSION = YES;
				CLANG_WARN_NON_LITERAL_NULL_CONVERSION = YES;
				CLANG_WARN_OBJC_IMPLICIT_RETAIN_SELF = YES;
				CLANG_WARN_OBJC_LITERAL_CONVERSION = YES;
				CLANG_WARN_OBJC_ROOT_CLASS = YES_ERROR;
				CLANG_WARN_RANGE_LOOP_ANALYSIS = YES;
				CLANG_WARN_STRICT_PROTOTYPES = YES;
				CLANG_WARN_SUSPICIOUS_MOVE = YES;
				CLANG_WARN_UNGUARDED_AVAILABILITY = YES_AGGRESSIVE;
				CLANG_WARN_UNREACHABLE_CODE = YES;
				CLANG_WARN__DUPLICATE_METHOD_MATCH = YES;
				CODE_SIGN_IDENTITY = "iPhone Developer";
				COPY_PHASE_STRIP = NO;
				DEBUG_INFORMATION_FORMAT = "dwarf-with-dsym";
				ENABLE_NS_ASSERTIONS = NO;
				ENABLE_STRICT_OBJC_MSGSEND = YES;
				GCC_C_LANGUAGE_STANDARD = gnu11;
				GCC_NO_COMMON_BLOCKS = YES;
				GCC_WARN_64_TO_32_BIT_CONVERSION = YES;
				GCC_WARN_ABOUT_RETURN_TYPE = YES_ERROR;
				GCC_WARN_UNDECLARED_SELECTOR = YES;
				GCC_WARN_UNINITIALIZED_AUTOS = YES_AGGRESSIVE;
				GCC_WARN_UNUSED_FUNCTION = YES;
				GCC_WARN_UNUSED_VARIABLE = YES;
				IPHONEOS_DEPLOYMENT_TARGET = 12.2;
				MTL_ENABLE_DEBUG_INFO = NO;
				MTL_FAST_MATH = YES;
				SDKROOT = iphoneos;
				SWIFT_COMPILATION_MODE = wholemodule;
				SWIFT_OPTIMIZATION_LEVEL = "-O";
				VALIDATE_PRODUCT = YES;
			};
			name = Release;
		};
		CAE585E022864F4100254FFF /* Debug */ = {
			isa = XCBuildConfiguration;
			baseConfigurationReference = F8572B57FE9A5F50905ED87E /* Pods-appMedic.debug.xcconfig */;
			buildSettings = {
				ASSETCATALOG_COMPILER_APPICON_NAME = AppIcon;
				CODE_SIGN_STYLE = Automatic;
				INFOPLIST_FILE = appMedic/Info.plist;
				LD_RUNPATH_SEARCH_PATHS = (
					"$(inherited)",
					"@executable_path/Frameworks",
				);
				PRODUCT_BUNDLE_IDENTIFIER = jeanette.moreno.appMedic;
				PRODUCT_NAME = "$(TARGET_NAME)";
				SWIFT_VERSION = 5.0;
				TARGETED_DEVICE_FAMILY = "1,2";
			};
			name = Debug;
		};
		CAE585E122864F4100254FFF /* Release */ = {
			isa = XCBuildConfiguration;
			baseConfigurationReference = 3CCE223FAD5BA4E3A8B657B5 /* Pods-appMedic.release.xcconfig */;
			buildSettings = {
				ASSETCATALOG_COMPILER_APPICON_NAME = AppIcon;
				CODE_SIGN_STYLE = Automatic;
				INFOPLIST_FILE = appMedic/Info.plist;
				LD_RUNPATH_SEARCH_PATHS = (
					"$(inherited)",
					"@executable_path/Frameworks",
				);
				PRODUCT_BUNDLE_IDENTIFIER = jeanette.moreno.appMedic;
				PRODUCT_NAME = "$(TARGET_NAME)";
				SWIFT_VERSION = 5.0;
				TARGETED_DEVICE_FAMILY = "1,2";
			};
			name = Release;
		};
		CAE585E322864F4100254FFF /* Debug */ = {
			isa = XCBuildConfiguration;
			baseConfigurationReference = DAE2B5AD6D470F0C7FF45D64 /* Pods-appMedicTests.debug.xcconfig */;
			buildSettings = {
				ALWAYS_EMBED_SWIFT_STANDARD_LIBRARIES = YES;
				BUNDLE_LOADER = "$(TEST_HOST)";
				CODE_SIGN_STYLE = Automatic;
				INFOPLIST_FILE = appMedicTests/Info.plist;
				LD_RUNPATH_SEARCH_PATHS = (
					"$(inherited)",
					"@executable_path/Frameworks",
					"@loader_path/Frameworks",
				);
				PRODUCT_BUNDLE_IDENTIFIER = jeanette.moreno.appMedicTests;
				PRODUCT_NAME = "$(TARGET_NAME)";
				SWIFT_VERSION = 5.0;
				TARGETED_DEVICE_FAMILY = "1,2";
				TEST_HOST = "$(BUILT_PRODUCTS_DIR)/appMedic.app/appMedic";
			};
			name = Debug;
		};
		CAE585E422864F4100254FFF /* Release */ = {
			isa = XCBuildConfiguration;
			baseConfigurationReference = 6F92DB7C3B802E86A1D3DAD5 /* Pods-appMedicTests.release.xcconfig */;
			buildSettings = {
				ALWAYS_EMBED_SWIFT_STANDARD_LIBRARIES = YES;
				BUNDLE_LOADER = "$(TEST_HOST)";
				CODE_SIGN_STYLE = Automatic;
				INFOPLIST_FILE = appMedicTests/Info.plist;
				LD_RUNPATH_SEARCH_PATHS = (
					"$(inherited)",
					"@executable_path/Frameworks",
					"@loader_path/Frameworks",
				);
				PRODUCT_BUNDLE_IDENTIFIER = jeanette.moreno.appMedicTests;
				PRODUCT_NAME = "$(TARGET_NAME)";
				SWIFT_VERSION = 5.0;
				TARGETED_DEVICE_FAMILY = "1,2";
				TEST_HOST = "$(BUILT_PRODUCTS_DIR)/appMedic.app/appMedic";
			};
			name = Release;
		};
		CAE585E622864F4100254FFF /* Debug */ = {
			isa = XCBuildConfiguration;
			baseConfigurationReference = BFB2EF9F0E1E329F5A773267 /* Pods-appMedicUITests.debug.xcconfig */;
			buildSettings = {
				ALWAYS_EMBED_SWIFT_STANDARD_LIBRARIES = YES;
				CODE_SIGN_STYLE = Automatic;
				INFOPLIST_FILE = appMedicUITests/Info.plist;
				LD_RUNPATH_SEARCH_PATHS = (
					"$(inherited)",
					"@executable_path/Frameworks",
					"@loader_path/Frameworks",
				);
				PRODUCT_BUNDLE_IDENTIFIER = jeanette.moreno.appMedicUITests;
				PRODUCT_NAME = "$(TARGET_NAME)";
				SWIFT_VERSION = 5.0;
				TARGETED_DEVICE_FAMILY = "1,2";
				TEST_TARGET_NAME = appMedic;
			};
			name = Debug;
		};
		CAE585E722864F4100254FFF /* Release */ = {
			isa = XCBuildConfiguration;
			baseConfigurationReference = 73A5A4892BD33BBFB8CFD870 /* Pods-appMedicUITests.release.xcconfig */;
			buildSettings = {
				ALWAYS_EMBED_SWIFT_STANDARD_LIBRARIES = YES;
				CODE_SIGN_STYLE = Automatic;
				INFOPLIST_FILE = appMedicUITests/Info.plist;
				LD_RUNPATH_SEARCH_PATHS = (
					"$(inherited)",
					"@executable_path/Frameworks",
					"@loader_path/Frameworks",
				);
				PRODUCT_BUNDLE_IDENTIFIER = jeanette.moreno.appMedicUITests;
				PRODUCT_NAME = "$(TARGET_NAME)";
				SWIFT_VERSION = 5.0;
				TARGETED_DEVICE_FAMILY = "1,2";
				TEST_TARGET_NAME = appMedic;
			};
			name = Release;
		};
/* End XCBuildConfiguration section */

/* Begin XCConfigurationList section */
		CAE585B222864F4000254FFF /* Build configuration list for PBXProject "appMedic" */ = {
			isa = XCConfigurationList;
			buildConfigurations = (
				CAE585DD22864F4100254FFF /* Debug */,
				CAE585DE22864F4100254FFF /* Release */,
			);
			defaultConfigurationIsVisible = 0;
			defaultConfigurationName = Release;
		};
		CAE585DF22864F4100254FFF /* Build configuration list for PBXNativeTarget "appMedic" */ = {
			isa = XCConfigurationList;
			buildConfigurations = (
				CAE585E022864F4100254FFF /* Debug */,
				CAE585E122864F4100254FFF /* Release */,
			);
			defaultConfigurationIsVisible = 0;
			defaultConfigurationName = Release;
		};
		CAE585E222864F4100254FFF /* Build configuration list for PBXNativeTarget "appMedicTests" */ = {
			isa = XCConfigurationList;
			buildConfigurations = (
				CAE585E322864F4100254FFF /* Debug */,
				CAE585E422864F4100254FFF /* Release */,
			);
			defaultConfigurationIsVisible = 0;
			defaultConfigurationName = Release;
		};
		CAE585E522864F4100254FFF /* Build configuration list for PBXNativeTarget "appMedicUITests" */ = {
			isa = XCConfigurationList;
			buildConfigurations = (
				CAE585E622864F4100254FFF /* Debug */,
				CAE585E722864F4100254FFF /* Release */,
			);
			defaultConfigurationIsVisible = 0;
			defaultConfigurationName = Release;
		};
/* End XCConfigurationList section */
	};
	rootObject = CAE585AF22864F4000254FFF /* Project object */;
}
